
Microsoft Visual Studio Solution File, Format Version 12.00
# Visual Studio Version 16
VisualStudioVersion = 16.0.30517.126
MinimumVisualStudioVersion = 10.0.40219.1
Project("{9A19103F-16F7-4668-BE54-9A1E7A4F7556}") = "Server", "Server\Server.csproj", "{5D212AC4-A627-46C3-93ED-4E3CA8F823ED}"
EndProject
Project("{9A19103F-16F7-4668-BE54-9A1E7A4F7556}") = "Logic", "Data\Logic.csproj", "{55ACF043-8F7F-492B-ACE5-0D7FC9178F99}"
EndProject
Project("{9A19103F-16F7-4668-BE54-9A1E7A4F7556}") = "LifeHackChat2020_Console", "LifeHackChat2020_Console\LifeHackChat2020_Console.csproj", "{D7F766CC-B074-4D75-9327-B821F17ED5C7}"
EndProject
Project("{9A19103F-16F7-4668-BE54-9A1E7A4F7556}") = "AnswerCreater", "AnswerCreater\AnswerCreater.csproj", "{70EC4697-26DA-4614-9281-CBC9D142BE71}"
EndProject
Project("{FAE04EC0-301F-11D3-BF4B-00C04F79EFBC}") = "XamarinClient.UWP", "XamarinClient\XamarinClient.UWP\XamarinClient.UWP.csproj", "{24003132-7C52-4894-8637-49533331D52B}"
EndProject
Project("{FAE04EC0-301F-11D3-BF4B-00C04F79EFBC}") = "XamarinClient.Android", "XamarinClient\XamarinClient.Android\XamarinClient.Android.csproj", "{73907F58-FFB5-400C-BF10-FC5638D1A515}"
EndProject
Project("{FAE04EC0-301F-11D3-BF4B-00C04F79EFBC}") = "XamarinClient.iOS", "XamarinClient\XamarinClient.iOS\XamarinClient.iOS.csproj", "{E0948106-B9B0-4B6F-95A4-20888A5948A3}"
EndProject
Project("{FAE04EC0-301F-11D3-BF4B-00C04F79EFBC}") = "XamarinClient", "XamarinClient\XamarinClient\XamarinClient.csproj", "{BC36921E-89E4-48DF-B898-53A794FECC03}"
EndProject
Global
	GlobalSection(SolutionConfigurationPlatforms) = preSolution
		Debug|Any CPU = Debug|Any CPU
		Debug|ARM = Debug|ARM
		Debug|iPhone = Debug|iPhone
		Debug|iPhoneSimulator = Debug|iPhoneSimulator
		Debug|x64 = Debug|x64
		Debug|x86 = Debug|x86
		Release|Any CPU = Release|Any CPU
		Release|ARM = Release|ARM
		Release|iPhone = Release|iPhone
		Release|iPhoneSimulator = Release|iPhoneSimulator
		Release|x64 = Release|x64
		Release|x86 = Release|x86
	EndGlobalSection
	GlobalSection(ProjectConfigurationPlatforms) = postSolution
		{5D212AC4-A627-46C3-93ED-4E3CA8F823ED}.Debug|Any CPU.ActiveCfg = Debug|Any CPU
		{5D212AC4-A627-46C3-93ED-4E3CA8F823ED}.Debug|Any CPU.Build.0 = Debug|Any CPU
		{5D212AC4-A627-46C3-93ED-4E3CA8F823ED}.Debug|ARM.ActiveCfg = Debug|Any CPU
		{5D212AC4-A627-46C3-93ED-4E3CA8F823ED}.Debug|ARM.Build.0 = Debug|Any CPU
		{5D212AC4-A627-46C3-93ED-4E3CA8F823ED}.Debug|iPhone.ActiveCfg = Debug|Any CPU
		{5D212AC4-A627-46C3-93ED-4E3CA8F823ED}.Debug|iPhone.Build.0 = Debug|Any CPU
		{5D212AC4-A627-46C3-93ED-4E3CA8F823ED}.Debug|iPhoneSimulator.ActiveCfg = Debug|Any CPU
		{5D212AC4-A627-46C3-93ED-4E3CA8F823ED}.Debug|iPhoneSimulator.Build.0 = Debug|Any CPU
		{5D212AC4-A627-46C3-93ED-4E3CA8F823ED}.Debug|x64.ActiveCfg = Debug|Any CPU
		{5D212AC4-A627-46C3-93ED-4E3CA8F823ED}.Debug|x64.Build.0 = Debug|Any CPU
		{5D212AC4-A627-46C3-93ED-4E3CA8F823ED}.Debug|x86.ActiveCfg = Debug|Any CPU
		{5D212AC4-A627-46C3-93ED-4E3CA8F823ED}.Debug|x86.Build.0 = Debug|Any CPU
		{5D212AC4-A627-46C3-93ED-4E3CA8F823ED}.Release|Any CPU.ActiveCfg = Release|Any CPU
		{5D212AC4-A627-46C3-93ED-4E3CA8F823ED}.Release|Any CPU.Build.0 = Release|Any CPU
		{5D212AC4-A627-46C3-93ED-4E3CA8F823ED}.Release|ARM.ActiveCfg = Release|Any CPU
		{5D212AC4-A627-46C3-93ED-4E3CA8F823ED}.Release|ARM.Build.0 = Release|Any CPU
		{5D212AC4-A627-46C3-93ED-4E3CA8F823ED}.Release|iPhone.ActiveCfg = Release|Any CPU
		{5D212AC4-A627-46C3-93ED-4E3CA8F823ED}.Release|iPhone.Build.0 = Release|Any CPU
		{5D212AC4-A627-46C3-93ED-4E3CA8F823ED}.Release|iPhoneSimulator.ActiveCfg = Release|Any CPU
		{5D212AC4-A627-46C3-93ED-4E3CA8F823ED}.Release|iPhoneSimulator.Build.0 = Release|Any CPU
		{5D212AC4-A627-46C3-93ED-4E3CA8F823ED}.Release|x64.ActiveCfg = Release|Any CPU
		{5D212AC4-A627-46C3-93ED-4E3CA8F823ED}.Release|x64.Build.0 = Release|Any CPU
		{5D212AC4-A627-46C3-93ED-4E3CA8F823ED}.Release|x86.ActiveCfg = Release|Any CPU
		{5D212AC4-A627-46C3-93ED-4E3CA8F823ED}.Release|x86.Build.0 = Release|Any CPU
		{55ACF043-8F7F-492B-ACE5-0D7FC9178F99}.Debug|Any CPU.ActiveCfg = Debug|Any CPU
		{55ACF043-8F7F-492B-ACE5-0D7FC9178F99}.Debug|Any CPU.Build.0 = Debug|Any CPU
		{55ACF043-8F7F-492B-ACE5-0D7FC9178F99}.Debug|ARM.ActiveCfg = Debug|Any CPU
		{55ACF043-8F7F-492B-ACE5-0D7FC9178F99}.Debug|ARM.Build.0 = Debug|Any CPU
		{55ACF043-8F7F-492B-ACE5-0D7FC9178F99}.Debug|iPhone.ActiveCfg = Debug|Any CPU
		{55ACF043-8F7F-492B-ACE5-0D7FC9178F99}.Debug|iPhone.Build.0 = Debug|Any CPU
		{55ACF043-8F7F-492B-ACE5-0D7FC9178F99}.Debug|iPhoneSimulator.ActiveCfg = Debug|Any CPU
		{55ACF043-8F7F-492B-ACE5-0D7FC9178F99}.Debug|iPhoneSimulator.Build.0 = Debug|Any CPU
		{55ACF043-8F7F-492B-ACE5-0D7FC9178F99}.Debug|x64.ActiveCfg = Debug|Any CPU
		{55ACF043-8F7F-492B-ACE5-0D7FC9178F99}.Debug|x64.Build.0 = Debug|Any CPU
		{55ACF043-8F7F-492B-ACE5-0D7FC9178F99}.Debug|x86.ActiveCfg = Debug|Any CPU
		{55ACF043-8F7F-492B-ACE5-0D7FC9178F99}.Debug|x86.Build.0 = Debug|Any CPU
		{55ACF043-8F7F-492B-ACE5-0D7FC9178F99}.Release|Any CPU.ActiveCfg = Release|Any CPU
		{55ACF043-8F7F-492B-ACE5-0D7FC9178F99}.Release|Any CPU.Build.0 = Release|Any CPU
		{55ACF043-8F7F-492B-ACE5-0D7FC9178F99}.Release|ARM.ActiveCfg = Release|Any CPU
		{55ACF043-8F7F-492B-ACE5-0D7FC9178F99}.Release|ARM.Build.0 = Release|Any CPU
		{55ACF043-8F7F-492B-ACE5-0D7FC9178F99}.Release|iPhone.ActiveCfg = Release|Any CPU
		{55ACF043-8F7F-492B-ACE5-0D7FC9178F99}.Release|iPhone.Build.0 = Release|Any CPU
		{55ACF043-8F7F-492B-ACE5-0D7FC9178F99}.Release|iPhoneSimulator.ActiveCfg = Release|Any CPU
		{55ACF043-8F7F-492B-ACE5-0D7FC9178F99}.Release|iPhoneSimulator.Build.0 = Release|Any CPU
		{55ACF043-8F7F-492B-ACE5-0D7FC9178F99}.Release|x64.ActiveCfg = Release|Any CPU
		{55ACF043-8F7F-492B-ACE5-0D7FC9178F99}.Release|x64.Build.0 = Release|Any CPU
		{55ACF043-8F7F-492B-ACE5-0D7FC9178F99}.Release|x86.ActiveCfg = Release|Any CPU
		{55ACF043-8F7F-492B-ACE5-0D7FC9178F99}.Release|x86.Build.0 = Release|Any CPU
		{D7F766CC-B074-4D75-9327-B821F17ED5C7}.Debug|Any CPU.ActiveCfg = Debug|Any CPU
		{D7F766CC-B074-4D75-9327-B821F17ED5C7}.Debug|Any CPU.Build.0 = Debug|Any CPU
		{D7F766CC-B074-4D75-9327-B821F17ED5C7}.Debug|ARM.ActiveCfg = Debug|Any CPU
		{D7F766CC-B074-4D75-9327-B821F17ED5C7}.Debug|ARM.Build.0 = Debug|Any CPU
		{D7F766CC-B074-4D75-9327-B821F17ED5C7}.Debug|iPhone.ActiveCfg = Debug|Any CPU
		{D7F766CC-B074-4D75-9327-B821F17ED5C7}.Debug|iPhone.Build.0 = Debug|Any CPU
		{D7F766CC-B074-4D75-9327-B821F17ED5C7}.Debug|iPhoneSimulator.ActiveCfg = Debug|Any CPU
		{D7F766CC-B074-4D75-9327-B821F17ED5C7}.Debug|iPhoneSimulator.Build.0 = Debug|Any CPU
		{D7F766CC-B074-4D75-9327-B821F17ED5C7}.Debug|x64.ActiveCfg = Debug|Any CPU
		{D7F766CC-B074-4D75-9327-B821F17ED5C7}.Debug|x64.Build.0 = Debug|Any CPU
		{D7F766CC-B074-4D75-9327-B821F17ED5C7}.Debug|x86.ActiveCfg = Debug|Any CPU
		{D7F766CC-B074-4D75-9327-B821F17ED5C7}.Debug|x86.Build.0 = Debug|Any CPU
		{D7F766CC-B074-4D75-9327-B821F17ED5C7}.Release|Any CPU.ActiveCfg = Release|Any CPU
		{D7F766CC-B074-4D75-9327-B821F17ED5C7}.Release|Any CPU.Build.0 = Release|Any CPU
		{D7F766CC-B074-4D75-9327-B821F17ED5C7}.Release|ARM.ActiveCfg = Release|Any CPU
		{D7F766CC-B074-4D75-9327-B821F17ED5C7}.Release|ARM.Build.0 = Release|Any CPU
		{D7F766CC-B074-4D75-9327-B821F17ED5C7}.Release|iPhone.ActiveCfg = Release|Any CPU
		{D7F766CC-B074-4D75-9327-B821F17ED5C7}.Release|iPhone.Build.0 = Release|Any CPU
		{D7F766CC-B074-4D75-9327-B821F17ED5C7}.Release|iPhoneSimulator.ActiveCfg = Release|Any CPU
		{D7F766CC-B074-4D75-9327-B821F17ED5C7}.Release|iPhoneSimulator.Build.0 = Release|Any CPU
		{D7F766CC-B074-4D75-9327-B821F17ED5C7}.Release|x64.ActiveCfg = Release|Any CPU
		{D7F766CC-B074-4D75-9327-B821F17ED5C7}.Release|x64.Build.0 = Release|Any CPU
		{D7F766CC-B074-4D75-9327-B821F17ED5C7}.Release|x86.ActiveCfg = Release|Any CPU
		{D7F766CC-B074-4D75-9327-B821F17ED5C7}.Release|x86.Build.0 = Release|Any CPU
		{70EC4697-26DA-4614-9281-CBC9D142BE71}.Debug|Any CPU.ActiveCfg = Debug|Any CPU
		{70EC4697-26DA-4614-9281-CBC9D142BE71}.Debug|Any CPU.Build.0 = Debug|Any CPU
		{70EC4697-26DA-4614-9281-CBC9D142BE71}.Debug|ARM.ActiveCfg = Debug|Any CPU
		{70EC4697-26DA-4614-9281-CBC9D142BE71}.Debug|ARM.Build.0 = Debug|Any CPU
		{70EC4697-26DA-4614-9281-CBC9D142BE71}.Debug|iPhone.ActiveCfg = Debug|Any CPU
		{70EC4697-26DA-4614-9281-CBC9D142BE71}.Debug|iPhone.Build.0 = Debug|Any CPU
		{70EC4697-26DA-4614-9281-CBC9D142BE71}.Debug|iPhoneSimulator.ActiveCfg = Debug|Any CPU
		{70EC4697-26DA-4614-9281-CBC9D142BE71}.Debug|iPhoneSimulator.Build.0 = Debug|Any CPU
		{70EC4697-26DA-4614-9281-CBC9D142BE71}.Debug|x64.ActiveCfg = Debug|Any CPU
		{70EC4697-26DA-4614-9281-CBC9D142BE71}.Debug|x64.Build.0 = Debug|Any CPU
		{70EC4697-26DA-4614-9281-CBC9D142BE71}.Debug|x86.ActiveCfg = Debug|Any CPU
		{70EC4697-26DA-4614-9281-CBC9D142BE71}.Debug|x86.Build.0 = Debug|Any CPU
		{70EC4697-26DA-4614-9281-CBC9D142BE71}.Release|Any CPU.ActiveCfg = Release|Any CPU
		{70EC4697-26DA-4614-9281-CBC9D142BE71}.Release|Any CPU.Build.0 = Release|Any CPU
		{70EC4697-26DA-4614-9281-CBC9D142BE71}.Release|ARM.ActiveCfg = Release|Any CPU
		{70EC4697-26DA-4614-9281-CBC9D142BE71}.Release|ARM.Build.0 = Release|Any CPU
		{70EC4697-26DA-4614-9281-CBC9D142BE71}.Release|iPhone.ActiveCfg = Release|Any CPU
		{70EC4697-26DA-4614-9281-CBC9D142BE71}.Release|iPhone.Build.0 = Release|Any CPU
		{70EC4697-26DA-4614-9281-CBC9D142BE71}.Release|iPhoneSimulator.ActiveCfg = Release|Any CPU
		{70EC4697-26DA-4614-9281-CBC9D142BE71}.Release|iPhoneSimulator.Build.0 = Release|Any CPU
		{70EC4697-26DA-4614-9281-CBC9D142BE71}.Release|x64.ActiveCfg = Release|Any CPU
		{70EC4697-26DA-4614-9281-CBC9D142BE71}.Release|x64.Build.0 = Release|Any CPU
		{70EC4697-26DA-4614-9281-CBC9D142BE71}.Release|x86.ActiveCfg = Release|Any CPU
		{70EC4697-26DA-4614-9281-CBC9D142BE71}.Release|x86.Build.0 = Release|Any CPU
		{24003132-7C52-4894-8637-49533331D52B}.Debug|Any CPU.ActiveCfg = Debug|x86
		{24003132-7C52-4894-8637-49533331D52B}.Debug|ARM.ActiveCfg = Debug|ARM
		{24003132-7C52-4894-8637-49533331D52B}.Debug|ARM.Build.0 = Debug|ARM
		{24003132-7C52-4894-8637-49533331D52B}.Debug|ARM.Deploy.0 = Debug|ARM
		{24003132-7C52-4894-8637-49533331D52B}.Debug|iPhone.ActiveCfg = Debug|x86
		{24003132-7C52-4894-8637-49533331D52B}.Debug|iPhoneSimulator.ActiveCfg = Debug|x86
		{24003132-7C52-4894-8637-49533331D52B}.Debug|x64.ActiveCfg = Debug|x64
		{24003132-7C52-4894-8637-49533331D52B}.Debug|x64.Build.0 = Debug|x64
		{24003132-7C52-4894-8637-49533331D52B}.Debug|x64.Deploy.0 = Debug|x64
		{24003132-7C52-4894-8637-49533331D52B}.Debug|x86.ActiveCfg = Debug|x86
		{24003132-7C52-4894-8637-49533331D52B}.Debug|x86.Build.0 = Debug|x86
		{24003132-7C52-4894-8637-49533331D52B}.Debug|x86.Deploy.0 = Debug|x86
		{24003132-7C52-4894-8637-49533331D52B}.Release|Any CPU.ActiveCfg = Release|x86
		{24003132-7C52-4894-8637-49533331D52B}.Release|ARM.ActiveCfg = Release|ARM
		{24003132-7C52-4894-8637-49533331D52B}.Release|ARM.Build.0 = Release|ARM
		{24003132-7C52-4894-8637-49533331D52B}.Release|ARM.Deploy.0 = Release|ARM
		{24003132-7C52-4894-8637-49533331D52B}.Release|iPhone.ActiveCfg = Release|x86
		{24003132-7C52-4894-8637-49533331D52B}.Release|iPhoneSimulator.ActiveCfg = Release|x86
		{24003132-7C52-4894-8637-49533331D52B}.Release|x64.ActiveCfg = Release|x64
		{24003132-7C52-4894-8637-49533331D52B}.Release|x64.Build.0 = Release|x64
		{24003132-7C52-4894-8637-49533331D52B}.Release|x64.Deploy.0 = Release|x64
		{24003132-7C52-4894-8637-49533331D52B}.Release|x86.ActiveCfg = Release|x86
		{24003132-7C52-4894-8637-49533331D52B}.Release|x86.Build.0 = Release|x86
		{24003132-7C52-4894-8637-49533331D52B}.Release|x86.Deploy.0 = Release|x86
		{73907F58-FFB5-400C-BF10-FC5638D1A515}.Debug|Any CPU.ActiveCfg = Debug|Any CPU
		{73907F58-FFB5-400C-BF10-FC5638D1A515}.Debug|Any CPU.Build.0 = Debug|Any CPU
		{73907F58-FFB5-400C-BF10-FC5638D1A515}.Debug|Any CPU.Deploy.0 = Debug|Any CPU
		{73907F58-FFB5-400C-BF10-FC5638D1A515}.Debug|ARM.ActiveCfg = Debug|Any CPU
		{73907F58-FFB5-400C-BF10-FC5638D1A515}.Debug|ARM.Build.0 = Debug|Any CPU
		{73907F58-FFB5-400C-BF10-FC5638D1A515}.Debug|ARM.Deploy.0 = Debug|Any CPU
		{73907F58-FFB5-400C-BF10-FC5638D1A515}.Debug|iPhone.ActiveCfg = Debug|Any CPU
		{73907F58-FFB5-400C-BF10-FC5638D1A515}.Debug|iPhone.Build.0 = Debug|Any CPU
		{73907F58-FFB5-400C-BF10-FC5638D1A515}.Debug|iPhone.Deploy.0 = Debug|Any CPU
		{73907F58-FFB5-400C-BF10-FC5638D1A515}.Debug|iPhoneSimulator.ActiveCfg = Debug|Any CPU
		{73907F58-FFB5-400C-BF10-FC5638D1A515}.Debug|iPhoneSimulator.Build.0 = Debug|Any CPU
		{73907F58-FFB5-400C-BF10-FC5638D1A515}.Debug|iPhoneSimulator.Deploy.0 = Debug|Any CPU
		{73907F58-FFB5-400C-BF10-FC5638D1A515}.Debug|x64.ActiveCfg = Debug|Any CPU
		{73907F58-FFB5-400C-BF10-FC5638D1A515}.Debug|x64.Build.0 = Debug|Any CPU
		{73907F58-FFB5-400C-BF10-FC5638D1A515}.Debug|x64.Deploy.0 = Debug|Any CPU
		{73907F58-FFB5-400C-BF10-FC5638D1A515}.Debug|x86.ActiveCfg = Debug|Any CPU
		{73907F58-FFB5-400C-BF10-FC5638D1A515}.Debug|x86.Build.0 = Debug|Any CPU
		{73907F58-FFB5-400C-BF10-FC5638D1A515}.Debug|x86.Deploy.0 = Debug|Any CPU
		{73907F58-FFB5-400C-BF10-FC5638D1A515}.Release|Any CPU.ActiveCfg = Release|Any CPU
		{73907F58-FFB5-400C-BF10-FC5638D1A515}.Release|Any CPU.Build.0 = Release|Any CPU
		{73907F58-FFB5-400C-BF10-FC5638D1A515}.Release|Any CPU.Deploy.0 = Release|Any CPU
		{73907F58-FFB5-400C-BF10-FC5638D1A515}.Release|ARM.ActiveCfg = Release|Any CPU
		{73907F58-FFB5-400C-BF10-FC5638D1A515}.Release|ARM.Build.0 = Release|Any CPU
		{73907F58-FFB5-400C-BF10-FC5638D1A515}.Release|ARM.Deploy.0 = Release|Any CPU
		{73907F58-FFB5-400C-BF10-FC5638D1A515}.Release|iPhone.ActiveCfg = Release|Any CPU
		{73907F58-FFB5-400C-BF10-FC5638D1A515}.Release|iPhone.Build.0 = Release|Any CPU
		{73907F58-FFB5-400C-BF10-FC5638D1A515}.Release|iPhone.Deploy.0 = Release|Any CPU
		{73907F58-FFB5-400C-BF10-FC5638D1A515}.Release|iPhoneSimulator.ActiveCfg = Release|Any CPU
		{73907F58-FFB5-400C-BF10-FC5638D1A515}.Release|iPhoneSimulator.Build.0 = Release|Any CPU
		{73907F58-FFB5-400C-BF10-FC5638D1A515}.Release|iPhoneSimulator.Deploy.0 = Release|Any CPU
		{73907F58-FFB5-400C-BF10-FC5638D1A515}.Release|x64.ActiveCfg = Release|Any CPU
		{73907F58-FFB5-400C-BF10-FC5638D1A515}.Release|x64.Build.0 = Release|Any CPU
		{73907F58-FFB5-400C-BF10-FC5638D1A515}.Release|x64.Deploy.0 = Release|Any CPU
		{73907F58-FFB5-400C-BF10-FC5638D1A515}.Release|x86.ActiveCfg = Release|Any CPU
		{73907F58-FFB5-400C-BF10-FC5638D1A515}.Release|x86.Build.0 = Release|Any CPU
		{73907F58-FFB5-400C-BF10-FC5638D1A515}.Release|x86.Deploy.0 = Release|Any CPU
		{E0948106-B9B0-4B6F-95A4-20888A5948A3}.Debug|Any CPU.ActiveCfg = Debug|iPhoneSimulator
		{E0948106-B9B0-4B6F-95A4-20888A5948A3}.Debug|ARM.ActiveCfg = Debug|iPhoneSimulator
		{E0948106-B9B0-4B6F-95A4-20888A5948A3}.Debug|iPhone.ActiveCfg = Debug|iPhone
		{E0948106-B9B0-4B6F-95A4-20888A5948A3}.Debug|iPhone.Build.0 = Debug|iPhone
		{E0948106-B9B0-4B6F-95A4-20888A5948A3}.Debug|iPhoneSimulator.ActiveCfg = Debug|iPhoneSimulator
		{E0948106-B9B0-4B6F-95A4-20888A5948A3}.Debug|iPhoneSimulator.Build.0 = Debug|iPhoneSimulator
		{E0948106-B9B0-4B6F-95A4-20888A5948A3}.Debug|x64.ActiveCfg = Debug|iPhoneSimulator
		{E0948106-B9B0-4B6F-95A4-20888A5948A3}.Debug|x86.ActiveCfg = Debug|iPhoneSimulator
		{E0948106-B9B0-4B6F-95A4-20888A5948A3}.Release|Any CPU.ActiveCfg = Release|iPhoneSimulator
		{E0948106-B9B0-4B6F-95A4-20888A5948A3}.Release|ARM.ActiveCfg = Release|iPhoneSimulator
		{E0948106-B9B0-4B6F-95A4-20888A5948A3}.Release|iPhone.ActiveCfg = Release|iPhone
		{E0948106-B9B0-4B6F-95A4-20888A5948A3}.Release|iPhone.Build.0 = Release|iPhone
		{E0948106-B9B0-4B6F-95A4-20888A5948A3}.Release|iPhoneSimulator.ActiveCfg = Release|iPhoneSimulator
		{E0948106-B9B0-4B6F-95A4-20888A5948A3}.Release|iPhoneSimulator.Build.0 = Release|iPhoneSimulator
		{E0948106-B9B0-4B6F-95A4-20888A5948A3}.Release|x64.ActiveCfg = Release|iPhoneSimulator
		{E0948106-B9B0-4B6F-95A4-20888A5948A3}.Release|x86.ActiveCfg = Release|iPhoneSimulator
		{BC36921E-89E4-48DF-B898-53A794FECC03}.Debug|Any CPU.ActiveCfg = Debug|Any CPU
		{BC36921E-89E4-48DF-B898-53A794FECC03}.Debug|Any CPU.Build.0 = Debug|Any CPU
		{BC36921E-89E4-48DF-B898-53A794FECC03}.Debug|ARM.ActiveCfg = Debug|Any CPU
		{BC36921E-89E4-48DF-B898-53A794FECC03}.Debug|ARM.Build.0 = Debug|Any CPU
		{BC36921E-89E4-48DF-B898-53A794FECC03}.Debug|iPhone.ActiveCfg = Debug|Any CPU
		{BC36921E-89E4-48DF-B898-53A794FECC03}.Debug|iPhone.Build.0 = Debug|Any CPU
		{BC36921E-89E4-48DF-B898-53A794FECC03}.Debug|iPhoneSimulator.ActiveCfg = Debug|Any CPU
		{BC36921E-89E4-48DF-B898-53A794FECC03}.Debug|iPhoneSimulator.Build.0 = Debug|Any CPU
		{BC36921E-89E4-48DF-B898-53A794FECC03}.Debug|x64.ActiveCfg = Debug|Any CPU
		{BC36921E-89E4-48DF-B898-53A794FECC03}.Debug|x64.Build.0 = Debug|Any CPU
		{BC36921E-89E4-48DF-B898-53A794FECC03}.Debug|x86.ActiveCfg = Debug|Any CPU
		{BC36921E-89E4-48DF-B898-53A794FECC03}.Debug|x86.Build.0 = Debug|Any CPU
		{BC36921E-89E4-48DF-B898-53A794FECC03}.Release|Any CPU.ActiveCfg = Release|Any CPU
		{BC36921E-89E4-48DF-B898-53A794FECC03}.Release|Any CPU.Build.0 = Release|Any CPU
		{BC36921E-89E4-48DF-B898-53A794FECC03}.Release|ARM.ActiveCfg = Release|Any CPU
		{BC36921E-89E4-48DF-B898-53A794FECC03}.Release|ARM.Build.0 = Release|Any CPU
		{BC36921E-89E4-48DF-B898-53A794FECC03}.Release|iPhone.ActiveCfg = Release|Any CPU
		{BC36921E-89E4-48DF-B898-53A794FECC03}.Release|iPhone.Build.0 = Release|Any CPU
		{BC36921E-89E4-48DF-B898-53A794FECC03}.Release|iPhoneSimulator.ActiveCfg = Release|Any CPU
		{BC36921E-89E4-48DF-B898-53A794FECC03}.Release|iPhoneSimulator.Build.0 = Release|Any CPU
		{BC36921E-89E4-48DF-B898-53A794FECC03}.Release|x64.ActiveCfg = Release|Any CPU
		{BC36921E-89E4-48DF-B898-53A794FECC03}.Release|x64.Build.0 = Release|Any CPU
		{BC36921E-89E4-48DF-B898-53A794FECC03}.Release|x86.ActiveCfg = Release|Any CPU
		{BC36921E-89E4-48DF-B898-53A794FECC03}.Release|x86.Build.0 = Release|Any CPU
	EndGlobalSection
	GlobalSection(SolutionProperties) = preSolution
		HideSolutionNode = FALSE
	EndGlobalSection
	GlobalSection(ExtensibilityGlobals) = postSolution
		SolutionGuid = {2947ACA7-5C3A-4F7A-B002-06AD10FDAA4D}
	EndGlobalSection
EndGlobal
