
Microsoft Visual Studio Solution File, Format Version 12.00
# Visual Studio Version 16
VisualStudioVersion = 16.0.30517.126
MinimumVisualStudioVersion = 10.0.40219.1
Project("{9A19103F-16F7-4668-BE54-9A1E7A4F7556}") = "Server", "Server\Server.csproj", "{5D212AC4-A627-46C3-93ED-4E3CA8F823ED}"
EndProject
Project("{9A19103F-16F7-4668-BE54-9A1E7A4F7556}") = "Logic", "Data\Logic.csproj", "{55ACF043-8F7F-492B-ACE5-0D7FC9178F99}"
	ProjectSection(ProjectDependencies) = postProject
		{D8BCFB68-FBB1-49E9-B719-0F7D63446A71} = {D8BCFB68-FBB1-49E9-B719-0F7D63446A71}
	EndProjectSection
EndProject
Project("{9A19103F-16F7-4668-BE54-9A1E7A4F7556}") = "LifeHackChat2020_Console", "LifeHackChat2020_Console\LifeHackChat2020_Console.csproj", "{D7F766CC-B074-4D75-9327-B821F17ED5C7}"
EndProject
Project("{9A19103F-16F7-4668-BE54-9A1E7A4F7556}") = "AnswerCreater", "AnswerCreater\AnswerCreater.csproj", "{70EC4697-26DA-4614-9281-CBC9D142BE71}"
EndProject
Project("{9A19103F-16F7-4668-BE54-9A1E7A4F7556}") = "XamarinClient", "XamarinClient\XamarinClient\XamarinClient.csproj", "{D8BCFB68-FBB1-49E9-B719-0F7D63446A71}"
EndProject
Project("{FAE04EC0-301F-11D3-BF4B-00C04F79EFBC}") = "XamarinClient.Android", "XamarinClient\XamarinClient.Android\XamarinClient.Android.csproj", "{06FBE96D-22D0-47D1-85E6-E3C4A65C8ACF}"
EndProject
Project("{FAE04EC0-301F-11D3-BF4B-00C04F79EFBC}") = "XamarinClient.iOS", "XamarinClient\XamarinClient.iOS\XamarinClient.iOS.csproj", "{82469009-9F12-4F09-817B-1B0F77842088}"
EndProject
Project("{FAE04EC0-301F-11D3-BF4B-00C04F79EFBC}") = "XamarinClient.UWP", "XamarinClient\XamarinClient.UWP\XamarinClient.UWP.csproj", "{CE86F8D5-C110-458A-858D-B506F8D95025}"
EndProject
Project("{FAE04EC0-301F-11D3-BF4B-00C04F79EFBC}") = "NetStandartData", "NetStandartData\NetStandartData.csproj", "{38DFDC7E-80AB-49FE-A4DA-120E9E820A30}"
EndProject
Global
	GlobalSection(SolutionConfigurationPlatforms) = preSolution
		Ad-Hoc|Any CPU = Ad-Hoc|Any CPU
		Ad-Hoc|ARM = Ad-Hoc|ARM
		Ad-Hoc|iPhone = Ad-Hoc|iPhone
		Ad-Hoc|iPhoneSimulator = Ad-Hoc|iPhoneSimulator
		Ad-Hoc|x64 = Ad-Hoc|x64
		Ad-Hoc|x86 = Ad-Hoc|x86
		AppStore|Any CPU = AppStore|Any CPU
		AppStore|ARM = AppStore|ARM
		AppStore|iPhone = AppStore|iPhone
		AppStore|iPhoneSimulator = AppStore|iPhoneSimulator
		AppStore|x64 = AppStore|x64
		AppStore|x86 = AppStore|x86
		Debug|Any CPU = Debug|Any CPU
		Debug|ARM = Debug|ARM
		Debug|iPhone = Debug|iPhone
		Debug|iPhoneSimulator = Debug|iPhoneSimulator
		Debug|x64 = Debug|x64
		Debug|x86 = Debug|x86
		Release|Any CPU = Release|Any CPU
		Release|ARM = Release|ARM
		Release|iPhone = Release|iPhone
		Release|iPhoneSimulator = Release|iPhoneSimulator
		Release|x64 = Release|x64
		Release|x86 = Release|x86
	EndGlobalSection
	GlobalSection(ProjectConfigurationPlatforms) = postSolution
		{5D212AC4-A627-46C3-93ED-4E3CA8F823ED}.Ad-Hoc|Any CPU.ActiveCfg = Release|Any CPU
		{5D212AC4-A627-46C3-93ED-4E3CA8F823ED}.Ad-Hoc|Any CPU.Build.0 = Release|Any CPU
		{5D212AC4-A627-46C3-93ED-4E3CA8F823ED}.Ad-Hoc|ARM.ActiveCfg = Release|Any CPU
		{5D212AC4-A627-46C3-93ED-4E3CA8F823ED}.Ad-Hoc|ARM.Build.0 = Release|Any CPU
		{5D212AC4-A627-46C3-93ED-4E3CA8F823ED}.Ad-Hoc|iPhone.ActiveCfg = Release|Any CPU
		{5D212AC4-A627-46C3-93ED-4E3CA8F823ED}.Ad-Hoc|iPhone.Build.0 = Release|Any CPU
		{5D212AC4-A627-46C3-93ED-4E3CA8F823ED}.Ad-Hoc|iPhoneSimulator.ActiveCfg = Release|Any CPU
		{5D212AC4-A627-46C3-93ED-4E3CA8F823ED}.Ad-Hoc|iPhoneSimulator.Build.0 = Release|Any CPU
		{5D212AC4-A627-46C3-93ED-4E3CA8F823ED}.Ad-Hoc|x64.ActiveCfg = Release|Any CPU
		{5D212AC4-A627-46C3-93ED-4E3CA8F823ED}.Ad-Hoc|x64.Build.0 = Release|Any CPU
		{5D212AC4-A627-46C3-93ED-4E3CA8F823ED}.Ad-Hoc|x86.ActiveCfg = Release|Any CPU
		{5D212AC4-A627-46C3-93ED-4E3CA8F823ED}.Ad-Hoc|x86.Build.0 = Release|Any CPU
		{5D212AC4-A627-46C3-93ED-4E3CA8F823ED}.AppStore|Any CPU.ActiveCfg = Release|Any CPU
		{5D212AC4-A627-46C3-93ED-4E3CA8F823ED}.AppStore|Any CPU.Build.0 = Release|Any CPU
		{5D212AC4-A627-46C3-93ED-4E3CA8F823ED}.AppStore|ARM.ActiveCfg = Release|Any CPU
		{5D212AC4-A627-46C3-93ED-4E3CA8F823ED}.AppStore|ARM.Build.0 = Release|Any CPU
		{5D212AC4-A627-46C3-93ED-4E3CA8F823ED}.AppStore|iPhone.ActiveCfg = Release|Any CPU
		{5D212AC4-A627-46C3-93ED-4E3CA8F823ED}.AppStore|iPhone.Build.0 = Release|Any CPU
		{5D212AC4-A627-46C3-93ED-4E3CA8F823ED}.AppStore|iPhoneSimulator.ActiveCfg = Release|Any CPU
		{5D212AC4-A627-46C3-93ED-4E3CA8F823ED}.AppStore|iPhoneSimulator.Build.0 = Release|Any CPU
		{5D212AC4-A627-46C3-93ED-4E3CA8F823ED}.AppStore|x64.ActiveCfg = Release|Any CPU
		{5D212AC4-A627-46C3-93ED-4E3CA8F823ED}.AppStore|x64.Build.0 = Release|Any CPU
		{5D212AC4-A627-46C3-93ED-4E3CA8F823ED}.AppStore|x86.ActiveCfg = Release|Any CPU
		{5D212AC4-A627-46C3-93ED-4E3CA8F823ED}.AppStore|x86.Build.0 = Release|Any CPU
		{5D212AC4-A627-46C3-93ED-4E3CA8F823ED}.Debug|Any CPU.ActiveCfg = Debug|Any CPU
		{5D212AC4-A627-46C3-93ED-4E3CA8F823ED}.Debug|Any CPU.Build.0 = Debug|Any CPU
		{5D212AC4-A627-46C3-93ED-4E3CA8F823ED}.Debug|ARM.ActiveCfg = Debug|Any CPU
		{5D212AC4-A627-46C3-93ED-4E3CA8F823ED}.Debug|ARM.Build.0 = Debug|Any CPU
		{5D212AC4-A627-46C3-93ED-4E3CA8F823ED}.Debug|iPhone.ActiveCfg = Debug|Any CPU
		{5D212AC4-A627-46C3-93ED-4E3CA8F823ED}.Debug|iPhone.Build.0 = Debug|Any CPU
		{5D212AC4-A627-46C3-93ED-4E3CA8F823ED}.Debug|iPhoneSimulator.ActiveCfg = Debug|Any CPU
		{5D212AC4-A627-46C3-93ED-4E3CA8F823ED}.Debug|iPhoneSimulator.Build.0 = Debug|Any CPU
		{5D212AC4-A627-46C3-93ED-4E3CA8F823ED}.Debug|x64.ActiveCfg = Debug|Any CPU
		{5D212AC4-A627-46C3-93ED-4E3CA8F823ED}.Debug|x64.Build.0 = Debug|Any CPU
		{5D212AC4-A627-46C3-93ED-4E3CA8F823ED}.Debug|x86.ActiveCfg = Debug|Any CPU
		{5D212AC4-A627-46C3-93ED-4E3CA8F823ED}.Debug|x86.Build.0 = Debug|Any CPU
		{5D212AC4-A627-46C3-93ED-4E3CA8F823ED}.Release|Any CPU.ActiveCfg = Release|Any CPU
		{5D212AC4-A627-46C3-93ED-4E3CA8F823ED}.Release|Any CPU.Build.0 = Release|Any CPU
		{5D212AC4-A627-46C3-93ED-4E3CA8F823ED}.Release|ARM.ActiveCfg = Release|Any CPU
		{5D212AC4-A627-46C3-93ED-4E3CA8F823ED}.Release|ARM.Build.0 = Release|Any CPU
		{5D212AC4-A627-46C3-93ED-4E3CA8F823ED}.Release|iPhone.ActiveCfg = Release|Any CPU
		{5D212AC4-A627-46C3-93ED-4E3CA8F823ED}.Release|iPhone.Build.0 = Release|Any CPU
		{5D212AC4-A627-46C3-93ED-4E3CA8F823ED}.Release|iPhoneSimulator.ActiveCfg = Release|Any CPU
		{5D212AC4-A627-46C3-93ED-4E3CA8F823ED}.Release|iPhoneSimulator.Build.0 = Release|Any CPU
		{5D212AC4-A627-46C3-93ED-4E3CA8F823ED}.Release|x64.ActiveCfg = Release|Any CPU
		{5D212AC4-A627-46C3-93ED-4E3CA8F823ED}.Release|x64.Build.0 = Release|Any CPU
		{5D212AC4-A627-46C3-93ED-4E3CA8F823ED}.Release|x86.ActiveCfg = Release|Any CPU
		{5D212AC4-A627-46C3-93ED-4E3CA8F823ED}.Release|x86.Build.0 = Release|Any CPU
		{55ACF043-8F7F-492B-ACE5-0D7FC9178F99}.Ad-Hoc|Any CPU.ActiveCfg = Release|Any CPU
		{55ACF043-8F7F-492B-ACE5-0D7FC9178F99}.Ad-Hoc|Any CPU.Build.0 = Release|Any CPU
		{55ACF043-8F7F-492B-ACE5-0D7FC9178F99}.Ad-Hoc|ARM.ActiveCfg = Release|Any CPU
		{55ACF043-8F7F-492B-ACE5-0D7FC9178F99}.Ad-Hoc|ARM.Build.0 = Release|Any CPU
		{55ACF043-8F7F-492B-ACE5-0D7FC9178F99}.Ad-Hoc|iPhone.ActiveCfg = Release|Any CPU
		{55ACF043-8F7F-492B-ACE5-0D7FC9178F99}.Ad-Hoc|iPhone.Build.0 = Release|Any CPU
		{55ACF043-8F7F-492B-ACE5-0D7FC9178F99}.Ad-Hoc|iPhoneSimulator.ActiveCfg = Release|Any CPU
		{55ACF043-8F7F-492B-ACE5-0D7FC9178F99}.Ad-Hoc|iPhoneSimulator.Build.0 = Release|Any CPU
		{55ACF043-8F7F-492B-ACE5-0D7FC9178F99}.Ad-Hoc|x64.ActiveCfg = Release|Any CPU
		{55ACF043-8F7F-492B-ACE5-0D7FC9178F99}.Ad-Hoc|x64.Build.0 = Release|Any CPU
		{55ACF043-8F7F-492B-ACE5-0D7FC9178F99}.Ad-Hoc|x86.ActiveCfg = Release|Any CPU
		{55ACF043-8F7F-492B-ACE5-0D7FC9178F99}.Ad-Hoc|x86.Build.0 = Release|Any CPU
		{55ACF043-8F7F-492B-ACE5-0D7FC9178F99}.AppStore|Any CPU.ActiveCfg = Release|Any CPU
		{55ACF043-8F7F-492B-ACE5-0D7FC9178F99}.AppStore|Any CPU.Build.0 = Release|Any CPU
		{55ACF043-8F7F-492B-ACE5-0D7FC9178F99}.AppStore|ARM.ActiveCfg = Release|Any CPU
		{55ACF043-8F7F-492B-ACE5-0D7FC9178F99}.AppStore|ARM.Build.0 = Release|Any CPU
		{55ACF043-8F7F-492B-ACE5-0D7FC9178F99}.AppStore|iPhone.ActiveCfg = Release|Any CPU
		{55ACF043-8F7F-492B-ACE5-0D7FC9178F99}.AppStore|iPhone.Build.0 = Release|Any CPU
		{55ACF043-8F7F-492B-ACE5-0D7FC9178F99}.AppStore|iPhoneSimulator.ActiveCfg = Release|Any CPU
		{55ACF043-8F7F-492B-ACE5-0D7FC9178F99}.AppStore|iPhoneSimulator.Build.0 = Release|Any CPU
		{55ACF043-8F7F-492B-ACE5-0D7FC9178F99}.AppStore|x64.ActiveCfg = Release|Any CPU
		{55ACF043-8F7F-492B-ACE5-0D7FC9178F99}.AppStore|x64.Build.0 = Release|Any CPU
		{55ACF043-8F7F-492B-ACE5-0D7FC9178F99}.AppStore|x86.ActiveCfg = Release|Any CPU
		{55ACF043-8F7F-492B-ACE5-0D7FC9178F99}.AppStore|x86.Build.0 = Release|Any CPU
		{55ACF043-8F7F-492B-ACE5-0D7FC9178F99}.Debug|Any CPU.ActiveCfg = Debug|Any CPU
		{55ACF043-8F7F-492B-ACE5-0D7FC9178F99}.Debug|Any CPU.Build.0 = Debug|Any CPU
		{55ACF043-8F7F-492B-ACE5-0D7FC9178F99}.Debug|ARM.ActiveCfg = Debug|Any CPU
		{55ACF043-8F7F-492B-ACE5-0D7FC9178F99}.Debug|ARM.Build.0 = Debug|Any CPU
		{55ACF043-8F7F-492B-ACE5-0D7FC9178F99}.Debug|iPhone.ActiveCfg = Debug|Any CPU
		{55ACF043-8F7F-492B-ACE5-0D7FC9178F99}.Debug|iPhone.Build.0 = Debug|Any CPU
		{55ACF043-8F7F-492B-ACE5-0D7FC9178F99}.Debug|iPhoneSimulator.ActiveCfg = Debug|Any CPU
		{55ACF043-8F7F-492B-ACE5-0D7FC9178F99}.Debug|iPhoneSimulator.Build.0 = Debug|Any CPU
		{55ACF043-8F7F-492B-ACE5-0D7FC9178F99}.Debug|x64.ActiveCfg = Debug|Any CPU
		{55ACF043-8F7F-492B-ACE5-0D7FC9178F99}.Debug|x64.Build.0 = Debug|Any CPU
		{55ACF043-8F7F-492B-ACE5-0D7FC9178F99}.Debug|x86.ActiveCfg = Debug|Any CPU
		{55ACF043-8F7F-492B-ACE5-0D7FC9178F99}.Debug|x86.Build.0 = Debug|Any CPU
		{55ACF043-8F7F-492B-ACE5-0D7FC9178F99}.Release|Any CPU.ActiveCfg = Release|Any CPU
		{55ACF043-8F7F-492B-ACE5-0D7FC9178F99}.Release|Any CPU.Build.0 = Release|Any CPU
		{55ACF043-8F7F-492B-ACE5-0D7FC9178F99}.Release|ARM.ActiveCfg = Release|Any CPU
		{55ACF043-8F7F-492B-ACE5-0D7FC9178F99}.Release|ARM.Build.0 = Release|Any CPU
		{55ACF043-8F7F-492B-ACE5-0D7FC9178F99}.Release|iPhone.ActiveCfg = Release|Any CPU
		{55ACF043-8F7F-492B-ACE5-0D7FC9178F99}.Release|iPhone.Build.0 = Release|Any CPU
		{55ACF043-8F7F-492B-ACE5-0D7FC9178F99}.Release|iPhoneSimulator.ActiveCfg = Release|Any CPU
		{55ACF043-8F7F-492B-ACE5-0D7FC9178F99}.Release|iPhoneSimulator.Build.0 = Release|Any CPU
		{55ACF043-8F7F-492B-ACE5-0D7FC9178F99}.Release|x64.ActiveCfg = Release|Any CPU
		{55ACF043-8F7F-492B-ACE5-0D7FC9178F99}.Release|x64.Build.0 = Release|Any CPU
		{55ACF043-8F7F-492B-ACE5-0D7FC9178F99}.Release|x86.ActiveCfg = Release|Any CPU
		{55ACF043-8F7F-492B-ACE5-0D7FC9178F99}.Release|x86.Build.0 = Release|Any CPU
		{D7F766CC-B074-4D75-9327-B821F17ED5C7}.Ad-Hoc|Any CPU.ActiveCfg = Release|Any CPU
		{D7F766CC-B074-4D75-9327-B821F17ED5C7}.Ad-Hoc|Any CPU.Build.0 = Release|Any CPU
		{D7F766CC-B074-4D75-9327-B821F17ED5C7}.Ad-Hoc|ARM.ActiveCfg = Release|Any CPU
		{D7F766CC-B074-4D75-9327-B821F17ED5C7}.Ad-Hoc|ARM.Build.0 = Release|Any CPU
		{D7F766CC-B074-4D75-9327-B821F17ED5C7}.Ad-Hoc|iPhone.ActiveCfg = Release|Any CPU
		{D7F766CC-B074-4D75-9327-B821F17ED5C7}.Ad-Hoc|iPhone.Build.0 = Release|Any CPU
		{D7F766CC-B074-4D75-9327-B821F17ED5C7}.Ad-Hoc|iPhoneSimulator.ActiveCfg = Release|Any CPU
		{D7F766CC-B074-4D75-9327-B821F17ED5C7}.Ad-Hoc|iPhoneSimulator.Build.0 = Release|Any CPU
		{D7F766CC-B074-4D75-9327-B821F17ED5C7}.Ad-Hoc|x64.ActiveCfg = Release|Any CPU
		{D7F766CC-B074-4D75-9327-B821F17ED5C7}.Ad-Hoc|x64.Build.0 = Release|Any CPU
		{D7F766CC-B074-4D75-9327-B821F17ED5C7}.Ad-Hoc|x86.ActiveCfg = Release|Any CPU
		{D7F766CC-B074-4D75-9327-B821F17ED5C7}.Ad-Hoc|x86.Build.0 = Release|Any CPU
		{D7F766CC-B074-4D75-9327-B821F17ED5C7}.AppStore|Any CPU.ActiveCfg = Release|Any CPU
		{D7F766CC-B074-4D75-9327-B821F17ED5C7}.AppStore|Any CPU.Build.0 = Release|Any CPU
		{D7F766CC-B074-4D75-9327-B821F17ED5C7}.AppStore|ARM.ActiveCfg = Release|Any CPU
		{D7F766CC-B074-4D75-9327-B821F17ED5C7}.AppStore|ARM.Build.0 = Release|Any CPU
		{D7F766CC-B074-4D75-9327-B821F17ED5C7}.AppStore|iPhone.ActiveCfg = Release|Any CPU
		{D7F766CC-B074-4D75-9327-B821F17ED5C7}.AppStore|iPhone.Build.0 = Release|Any CPU
		{D7F766CC-B074-4D75-9327-B821F17ED5C7}.AppStore|iPhoneSimulator.ActiveCfg = Release|Any CPU
		{D7F766CC-B074-4D75-9327-B821F17ED5C7}.AppStore|iPhoneSimulator.Build.0 = Release|Any CPU
		{D7F766CC-B074-4D75-9327-B821F17ED5C7}.AppStore|x64.ActiveCfg = Release|Any CPU
		{D7F766CC-B074-4D75-9327-B821F17ED5C7}.AppStore|x64.Build.0 = Release|Any CPU
		{D7F766CC-B074-4D75-9327-B821F17ED5C7}.AppStore|x86.ActiveCfg = Release|Any CPU
		{D7F766CC-B074-4D75-9327-B821F17ED5C7}.AppStore|x86.Build.0 = Release|Any CPU
		{D7F766CC-B074-4D75-9327-B821F17ED5C7}.Debug|Any CPU.ActiveCfg = Debug|Any CPU
		{D7F766CC-B074-4D75-9327-B821F17ED5C7}.Debug|Any CPU.Build.0 = Debug|Any CPU
		{D7F766CC-B074-4D75-9327-B821F17ED5C7}.Debug|ARM.ActiveCfg = Debug|Any CPU
		{D7F766CC-B074-4D75-9327-B821F17ED5C7}.Debug|ARM.Build.0 = Debug|Any CPU
		{D7F766CC-B074-4D75-9327-B821F17ED5C7}.Debug|iPhone.ActiveCfg = Debug|Any CPU
		{D7F766CC-B074-4D75-9327-B821F17ED5C7}.Debug|iPhone.Build.0 = Debug|Any CPU
		{D7F766CC-B074-4D75-9327-B821F17ED5C7}.Debug|iPhoneSimulator.ActiveCfg = Debug|Any CPU
		{D7F766CC-B074-4D75-9327-B821F17ED5C7}.Debug|iPhoneSimulator.Build.0 = Debug|Any CPU
		{D7F766CC-B074-4D75-9327-B821F17ED5C7}.Debug|x64.ActiveCfg = Debug|Any CPU
		{D7F766CC-B074-4D75-9327-B821F17ED5C7}.Debug|x64.Build.0 = Debug|Any CPU
		{D7F766CC-B074-4D75-9327-B821F17ED5C7}.Debug|x86.ActiveCfg = Debug|Any CPU
		{D7F766CC-B074-4D75-9327-B821F17ED5C7}.Debug|x86.Build.0 = Debug|Any CPU
		{D7F766CC-B074-4D75-9327-B821F17ED5C7}.Release|Any CPU.ActiveCfg = Release|Any CPU
		{D7F766CC-B074-4D75-9327-B821F17ED5C7}.Release|Any CPU.Build.0 = Release|Any CPU
		{D7F766CC-B074-4D75-9327-B821F17ED5C7}.Release|ARM.ActiveCfg = Release|Any CPU
		{D7F766CC-B074-4D75-9327-B821F17ED5C7}.Release|ARM.Build.0 = Release|Any CPU
		{D7F766CC-B074-4D75-9327-B821F17ED5C7}.Release|iPhone.ActiveCfg = Release|Any CPU
		{D7F766CC-B074-4D75-9327-B821F17ED5C7}.Release|iPhone.Build.0 = Release|Any CPU
		{D7F766CC-B074-4D75-9327-B821F17ED5C7}.Release|iPhoneSimulator.ActiveCfg = Release|Any CPU
		{D7F766CC-B074-4D75-9327-B821F17ED5C7}.Release|iPhoneSimulator.Build.0 = Release|Any CPU
		{D7F766CC-B074-4D75-9327-B821F17ED5C7}.Release|x64.ActiveCfg = Release|Any CPU
		{D7F766CC-B074-4D75-9327-B821F17ED5C7}.Release|x64.Build.0 = Release|Any CPU
		{D7F766CC-B074-4D75-9327-B821F17ED5C7}.Release|x86.ActiveCfg = Release|Any CPU
		{D7F766CC-B074-4D75-9327-B821F17ED5C7}.Release|x86.Build.0 = Release|Any CPU
		{70EC4697-26DA-4614-9281-CBC9D142BE71}.Ad-Hoc|Any CPU.ActiveCfg = Release|Any CPU
		{70EC4697-26DA-4614-9281-CBC9D142BE71}.Ad-Hoc|Any CPU.Build.0 = Release|Any CPU
		{70EC4697-26DA-4614-9281-CBC9D142BE71}.Ad-Hoc|ARM.ActiveCfg = Release|Any CPU
		{70EC4697-26DA-4614-9281-CBC9D142BE71}.Ad-Hoc|ARM.Build.0 = Release|Any CPU
		{70EC4697-26DA-4614-9281-CBC9D142BE71}.Ad-Hoc|iPhone.ActiveCfg = Release|Any CPU
		{70EC4697-26DA-4614-9281-CBC9D142BE71}.Ad-Hoc|iPhone.Build.0 = Release|Any CPU
		{70EC4697-26DA-4614-9281-CBC9D142BE71}.Ad-Hoc|iPhoneSimulator.ActiveCfg = Release|Any CPU
		{70EC4697-26DA-4614-9281-CBC9D142BE71}.Ad-Hoc|iPhoneSimulator.Build.0 = Release|Any CPU
		{70EC4697-26DA-4614-9281-CBC9D142BE71}.Ad-Hoc|x64.ActiveCfg = Release|Any CPU
		{70EC4697-26DA-4614-9281-CBC9D142BE71}.Ad-Hoc|x64.Build.0 = Release|Any CPU
		{70EC4697-26DA-4614-9281-CBC9D142BE71}.Ad-Hoc|x86.ActiveCfg = Release|Any CPU
		{70EC4697-26DA-4614-9281-CBC9D142BE71}.Ad-Hoc|x86.Build.0 = Release|Any CPU
		{70EC4697-26DA-4614-9281-CBC9D142BE71}.AppStore|Any CPU.ActiveCfg = Release|Any CPU
		{70EC4697-26DA-4614-9281-CBC9D142BE71}.AppStore|Any CPU.Build.0 = Release|Any CPU
		{70EC4697-26DA-4614-9281-CBC9D142BE71}.AppStore|ARM.ActiveCfg = Release|Any CPU
		{70EC4697-26DA-4614-9281-CBC9D142BE71}.AppStore|ARM.Build.0 = Release|Any CPU
		{70EC4697-26DA-4614-9281-CBC9D142BE71}.AppStore|iPhone.ActiveCfg = Release|Any CPU
		{70EC4697-26DA-4614-9281-CBC9D142BE71}.AppStore|iPhone.Build.0 = Release|Any CPU
		{70EC4697-26DA-4614-9281-CBC9D142BE71}.AppStore|iPhoneSimulator.ActiveCfg = Release|Any CPU
		{70EC4697-26DA-4614-9281-CBC9D142BE71}.AppStore|iPhoneSimulator.Build.0 = Release|Any CPU
		{70EC4697-26DA-4614-9281-CBC9D142BE71}.AppStore|x64.ActiveCfg = Release|Any CPU
		{70EC4697-26DA-4614-9281-CBC9D142BE71}.AppStore|x64.Build.0 = Release|Any CPU
		{70EC4697-26DA-4614-9281-CBC9D142BE71}.AppStore|x86.ActiveCfg = Release|Any CPU
		{70EC4697-26DA-4614-9281-CBC9D142BE71}.AppStore|x86.Build.0 = Release|Any CPU
		{70EC4697-26DA-4614-9281-CBC9D142BE71}.Debug|Any CPU.ActiveCfg = Debug|Any CPU
		{70EC4697-26DA-4614-9281-CBC9D142BE71}.Debug|Any CPU.Build.0 = Debug|Any CPU
		{70EC4697-26DA-4614-9281-CBC9D142BE71}.Debug|ARM.ActiveCfg = Debug|Any CPU
		{70EC4697-26DA-4614-9281-CBC9D142BE71}.Debug|ARM.Build.0 = Debug|Any CPU
		{70EC4697-26DA-4614-9281-CBC9D142BE71}.Debug|iPhone.ActiveCfg = Debug|Any CPU
		{70EC4697-26DA-4614-9281-CBC9D142BE71}.Debug|iPhone.Build.0 = Debug|Any CPU
		{70EC4697-26DA-4614-9281-CBC9D142BE71}.Debug|iPhoneSimulator.ActiveCfg = Debug|Any CPU
		{70EC4697-26DA-4614-9281-CBC9D142BE71}.Debug|iPhoneSimulator.Build.0 = Debug|Any CPU
		{70EC4697-26DA-4614-9281-CBC9D142BE71}.Debug|x64.ActiveCfg = Debug|Any CPU
		{70EC4697-26DA-4614-9281-CBC9D142BE71}.Debug|x64.Build.0 = Debug|Any CPU
		{70EC4697-26DA-4614-9281-CBC9D142BE71}.Debug|x86.ActiveCfg = Debug|Any CPU
		{70EC4697-26DA-4614-9281-CBC9D142BE71}.Debug|x86.Build.0 = Debug|Any CPU
		{70EC4697-26DA-4614-9281-CBC9D142BE71}.Release|Any CPU.ActiveCfg = Release|Any CPU
		{70EC4697-26DA-4614-9281-CBC9D142BE71}.Release|Any CPU.Build.0 = Release|Any CPU
		{70EC4697-26DA-4614-9281-CBC9D142BE71}.Release|ARM.ActiveCfg = Release|Any CPU
		{70EC4697-26DA-4614-9281-CBC9D142BE71}.Release|ARM.Build.0 = Release|Any CPU
		{70EC4697-26DA-4614-9281-CBC9D142BE71}.Release|iPhone.ActiveCfg = Release|Any CPU
		{70EC4697-26DA-4614-9281-CBC9D142BE71}.Release|iPhone.Build.0 = Release|Any CPU
		{70EC4697-26DA-4614-9281-CBC9D142BE71}.Release|iPhoneSimulator.ActiveCfg = Release|Any CPU
		{70EC4697-26DA-4614-9281-CBC9D142BE71}.Release|iPhoneSimulator.Build.0 = Release|Any CPU
		{70EC4697-26DA-4614-9281-CBC9D142BE71}.Release|x64.ActiveCfg = Release|Any CPU
		{70EC4697-26DA-4614-9281-CBC9D142BE71}.Release|x64.Build.0 = Release|Any CPU
		{70EC4697-26DA-4614-9281-CBC9D142BE71}.Release|x86.ActiveCfg = Release|Any CPU
		{70EC4697-26DA-4614-9281-CBC9D142BE71}.Release|x86.Build.0 = Release|Any CPU
		{D8BCFB68-FBB1-49E9-B719-0F7D63446A71}.Ad-Hoc|Any CPU.ActiveCfg = Release|Any CPU
		{D8BCFB68-FBB1-49E9-B719-0F7D63446A71}.Ad-Hoc|Any CPU.Build.0 = Release|Any CPU
		{D8BCFB68-FBB1-49E9-B719-0F7D63446A71}.Ad-Hoc|ARM.ActiveCfg = Release|Any CPU
		{D8BCFB68-FBB1-49E9-B719-0F7D63446A71}.Ad-Hoc|ARM.Build.0 = Release|Any CPU
		{D8BCFB68-FBB1-49E9-B719-0F7D63446A71}.Ad-Hoc|iPhone.ActiveCfg = Release|Any CPU
		{D8BCFB68-FBB1-49E9-B719-0F7D63446A71}.Ad-Hoc|iPhone.Build.0 = Release|Any CPU
		{D8BCFB68-FBB1-49E9-B719-0F7D63446A71}.Ad-Hoc|iPhoneSimulator.ActiveCfg = Release|Any CPU
		{D8BCFB68-FBB1-49E9-B719-0F7D63446A71}.Ad-Hoc|iPhoneSimulator.Build.0 = Release|Any CPU
		{D8BCFB68-FBB1-49E9-B719-0F7D63446A71}.Ad-Hoc|x64.ActiveCfg = Release|Any CPU
		{D8BCFB68-FBB1-49E9-B719-0F7D63446A71}.Ad-Hoc|x64.Build.0 = Release|Any CPU
		{D8BCFB68-FBB1-49E9-B719-0F7D63446A71}.Ad-Hoc|x86.ActiveCfg = Release|Any CPU
		{D8BCFB68-FBB1-49E9-B719-0F7D63446A71}.Ad-Hoc|x86.Build.0 = Release|Any CPU
		{D8BCFB68-FBB1-49E9-B719-0F7D63446A71}.AppStore|Any CPU.ActiveCfg = Release|Any CPU
		{D8BCFB68-FBB1-49E9-B719-0F7D63446A71}.AppStore|Any CPU.Build.0 = Release|Any CPU
		{D8BCFB68-FBB1-49E9-B719-0F7D63446A71}.AppStore|ARM.ActiveCfg = Release|Any CPU
		{D8BCFB68-FBB1-49E9-B719-0F7D63446A71}.AppStore|ARM.Build.0 = Release|Any CPU
		{D8BCFB68-FBB1-49E9-B719-0F7D63446A71}.AppStore|iPhone.ActiveCfg = Release|Any CPU
		{D8BCFB68-FBB1-49E9-B719-0F7D63446A71}.AppStore|iPhone.Build.0 = Release|Any CPU
		{D8BCFB68-FBB1-49E9-B719-0F7D63446A71}.AppStore|iPhoneSimulator.ActiveCfg = Release|Any CPU
		{D8BCFB68-FBB1-49E9-B719-0F7D63446A71}.AppStore|iPhoneSimulator.Build.0 = Release|Any CPU
		{D8BCFB68-FBB1-49E9-B719-0F7D63446A71}.AppStore|x64.ActiveCfg = Release|Any CPU
		{D8BCFB68-FBB1-49E9-B719-0F7D63446A71}.AppStore|x64.Build.0 = Release|Any CPU
		{D8BCFB68-FBB1-49E9-B719-0F7D63446A71}.AppStore|x86.ActiveCfg = Release|Any CPU
		{D8BCFB68-FBB1-49E9-B719-0F7D63446A71}.AppStore|x86.Build.0 = Release|Any CPU
		{D8BCFB68-FBB1-49E9-B719-0F7D63446A71}.Debug|Any CPU.ActiveCfg = Debug|Any CPU
		{D8BCFB68-FBB1-49E9-B719-0F7D63446A71}.Debug|Any CPU.Build.0 = Debug|Any CPU
		{D8BCFB68-FBB1-49E9-B719-0F7D63446A71}.Debug|ARM.ActiveCfg = Debug|Any CPU
		{D8BCFB68-FBB1-49E9-B719-0F7D63446A71}.Debug|ARM.Build.0 = Debug|Any CPU
		{D8BCFB68-FBB1-49E9-B719-0F7D63446A71}.Debug|iPhone.ActiveCfg = Debug|Any CPU
		{D8BCFB68-FBB1-49E9-B719-0F7D63446A71}.Debug|iPhone.Build.0 = Debug|Any CPU
		{D8BCFB68-FBB1-49E9-B719-0F7D63446A71}.Debug|iPhoneSimulator.ActiveCfg = Debug|Any CPU
		{D8BCFB68-FBB1-49E9-B719-0F7D63446A71}.Debug|iPhoneSimulator.Build.0 = Debug|Any CPU
		{D8BCFB68-FBB1-49E9-B719-0F7D63446A71}.Debug|x64.ActiveCfg = Debug|Any CPU
		{D8BCFB68-FBB1-49E9-B719-0F7D63446A71}.Debug|x64.Build.0 = Debug|Any CPU
		{D8BCFB68-FBB1-49E9-B719-0F7D63446A71}.Debug|x86.ActiveCfg = Debug|Any CPU
		{D8BCFB68-FBB1-49E9-B719-0F7D63446A71}.Debug|x86.Build.0 = Debug|Any CPU
		{D8BCFB68-FBB1-49E9-B719-0F7D63446A71}.Release|Any CPU.ActiveCfg = Release|Any CPU
		{D8BCFB68-FBB1-49E9-B719-0F7D63446A71}.Release|Any CPU.Build.0 = Release|Any CPU
		{D8BCFB68-FBB1-49E9-B719-0F7D63446A71}.Release|ARM.ActiveCfg = Release|Any CPU
		{D8BCFB68-FBB1-49E9-B719-0F7D63446A71}.Release|ARM.Build.0 = Release|Any CPU
		{D8BCFB68-FBB1-49E9-B719-0F7D63446A71}.Release|iPhone.ActiveCfg = Release|Any CPU
		{D8BCFB68-FBB1-49E9-B719-0F7D63446A71}.Release|iPhone.Build.0 = Release|Any CPU
		{D8BCFB68-FBB1-49E9-B719-0F7D63446A71}.Release|iPhoneSimulator.ActiveCfg = Release|Any CPU
		{D8BCFB68-FBB1-49E9-B719-0F7D63446A71}.Release|iPhoneSimulator.Build.0 = Release|Any CPU
		{D8BCFB68-FBB1-49E9-B719-0F7D63446A71}.Release|x64.ActiveCfg = Release|Any CPU
		{D8BCFB68-FBB1-49E9-B719-0F7D63446A71}.Release|x64.Build.0 = Release|Any CPU
		{D8BCFB68-FBB1-49E9-B719-0F7D63446A71}.Release|x86.ActiveCfg = Release|Any CPU
		{D8BCFB68-FBB1-49E9-B719-0F7D63446A71}.Release|x86.Build.0 = Release|Any CPU
		{06FBE96D-22D0-47D1-85E6-E3C4A65C8ACF}.Ad-Hoc|Any CPU.ActiveCfg = Debug|Any CPU
		{06FBE96D-22D0-47D1-85E6-E3C4A65C8ACF}.Ad-Hoc|Any CPU.Build.0 = Debug|Any CPU
		{06FBE96D-22D0-47D1-85E6-E3C4A65C8ACF}.Ad-Hoc|Any CPU.Deploy.0 = Debug|Any CPU
		{06FBE96D-22D0-47D1-85E6-E3C4A65C8ACF}.Ad-Hoc|ARM.ActiveCfg = Debug|Any CPU
		{06FBE96D-22D0-47D1-85E6-E3C4A65C8ACF}.Ad-Hoc|ARM.Build.0 = Debug|Any CPU
		{06FBE96D-22D0-47D1-85E6-E3C4A65C8ACF}.Ad-Hoc|ARM.Deploy.0 = Debug|Any CPU
		{06FBE96D-22D0-47D1-85E6-E3C4A65C8ACF}.Ad-Hoc|iPhone.ActiveCfg = Debug|Any CPU
		{06FBE96D-22D0-47D1-85E6-E3C4A65C8ACF}.Ad-Hoc|iPhone.Build.0 = Debug|Any CPU
		{06FBE96D-22D0-47D1-85E6-E3C4A65C8ACF}.Ad-Hoc|iPhone.Deploy.0 = Debug|Any CPU
		{06FBE96D-22D0-47D1-85E6-E3C4A65C8ACF}.Ad-Hoc|iPhoneSimulator.ActiveCfg = Debug|Any CPU
		{06FBE96D-22D0-47D1-85E6-E3C4A65C8ACF}.Ad-Hoc|iPhoneSimulator.Build.0 = Debug|Any CPU
		{06FBE96D-22D0-47D1-85E6-E3C4A65C8ACF}.Ad-Hoc|iPhoneSimulator.Deploy.0 = Debug|Any CPU
		{06FBE96D-22D0-47D1-85E6-E3C4A65C8ACF}.Ad-Hoc|x64.ActiveCfg = Debug|Any CPU
		{06FBE96D-22D0-47D1-85E6-E3C4A65C8ACF}.Ad-Hoc|x64.Build.0 = Debug|Any CPU
		{06FBE96D-22D0-47D1-85E6-E3C4A65C8ACF}.Ad-Hoc|x64.Deploy.0 = Debug|Any CPU
		{06FBE96D-22D0-47D1-85E6-E3C4A65C8ACF}.Ad-Hoc|x86.ActiveCfg = Debug|Any CPU
		{06FBE96D-22D0-47D1-85E6-E3C4A65C8ACF}.Ad-Hoc|x86.Build.0 = Debug|Any CPU
		{06FBE96D-22D0-47D1-85E6-E3C4A65C8ACF}.Ad-Hoc|x86.Deploy.0 = Debug|Any CPU
		{06FBE96D-22D0-47D1-85E6-E3C4A65C8ACF}.AppStore|Any CPU.ActiveCfg = Debug|Any CPU
		{06FBE96D-22D0-47D1-85E6-E3C4A65C8ACF}.AppStore|Any CPU.Build.0 = Debug|Any CPU
		{06FBE96D-22D0-47D1-85E6-E3C4A65C8ACF}.AppStore|Any CPU.Deploy.0 = Debug|Any CPU
		{06FBE96D-22D0-47D1-85E6-E3C4A65C8ACF}.AppStore|ARM.ActiveCfg = Debug|Any CPU
		{06FBE96D-22D0-47D1-85E6-E3C4A65C8ACF}.AppStore|ARM.Build.0 = Debug|Any CPU
		{06FBE96D-22D0-47D1-85E6-E3C4A65C8ACF}.AppStore|ARM.Deploy.0 = Debug|Any CPU
		{06FBE96D-22D0-47D1-85E6-E3C4A65C8ACF}.AppStore|iPhone.ActiveCfg = Debug|Any CPU
		{06FBE96D-22D0-47D1-85E6-E3C4A65C8ACF}.AppStore|iPhone.Build.0 = Debug|Any CPU
		{06FBE96D-22D0-47D1-85E6-E3C4A65C8ACF}.AppStore|iPhone.Deploy.0 = Debug|Any CPU
		{06FBE96D-22D0-47D1-85E6-E3C4A65C8ACF}.AppStore|iPhoneSimulator.ActiveCfg = Debug|Any CPU
		{06FBE96D-22D0-47D1-85E6-E3C4A65C8ACF}.AppStore|iPhoneSimulator.Build.0 = Debug|Any CPU
		{06FBE96D-22D0-47D1-85E6-E3C4A65C8ACF}.AppStore|iPhoneSimulator.Deploy.0 = Debug|Any CPU
		{06FBE96D-22D0-47D1-85E6-E3C4A65C8ACF}.AppStore|x64.ActiveCfg = Debug|Any CPU
		{06FBE96D-22D0-47D1-85E6-E3C4A65C8ACF}.AppStore|x64.Build.0 = Debug|Any CPU
		{06FBE96D-22D0-47D1-85E6-E3C4A65C8ACF}.AppStore|x64.Deploy.0 = Debug|Any CPU
		{06FBE96D-22D0-47D1-85E6-E3C4A65C8ACF}.AppStore|x86.ActiveCfg = Debug|Any CPU
		{06FBE96D-22D0-47D1-85E6-E3C4A65C8ACF}.AppStore|x86.Build.0 = Debug|Any CPU
		{06FBE96D-22D0-47D1-85E6-E3C4A65C8ACF}.AppStore|x86.Deploy.0 = Debug|Any CPU
		{06FBE96D-22D0-47D1-85E6-E3C4A65C8ACF}.Debug|Any CPU.ActiveCfg = Debug|Any CPU
		{06FBE96D-22D0-47D1-85E6-E3C4A65C8ACF}.Debug|Any CPU.Build.0 = Debug|Any CPU
		{06FBE96D-22D0-47D1-85E6-E3C4A65C8ACF}.Debug|Any CPU.Deploy.0 = Debug|Any CPU
		{06FBE96D-22D0-47D1-85E6-E3C4A65C8ACF}.Debug|ARM.ActiveCfg = Debug|Any CPU
		{06FBE96D-22D0-47D1-85E6-E3C4A65C8ACF}.Debug|ARM.Build.0 = Debug|Any CPU
		{06FBE96D-22D0-47D1-85E6-E3C4A65C8ACF}.Debug|ARM.Deploy.0 = Debug|Any CPU
		{06FBE96D-22D0-47D1-85E6-E3C4A65C8ACF}.Debug|iPhone.ActiveCfg = Debug|Any CPU
		{06FBE96D-22D0-47D1-85E6-E3C4A65C8ACF}.Debug|iPhone.Build.0 = Debug|Any CPU
		{06FBE96D-22D0-47D1-85E6-E3C4A65C8ACF}.Debug|iPhone.Deploy.0 = Debug|Any CPU
		{06FBE96D-22D0-47D1-85E6-E3C4A65C8ACF}.Debug|iPhoneSimulator.ActiveCfg = Debug|Any CPU
		{06FBE96D-22D0-47D1-85E6-E3C4A65C8ACF}.Debug|iPhoneSimulator.Build.0 = Debug|Any CPU
		{06FBE96D-22D0-47D1-85E6-E3C4A65C8ACF}.Debug|iPhoneSimulator.Deploy.0 = Debug|Any CPU
		{06FBE96D-22D0-47D1-85E6-E3C4A65C8ACF}.Debug|x64.ActiveCfg = Debug|Any CPU
		{06FBE96D-22D0-47D1-85E6-E3C4A65C8ACF}.Debug|x64.Build.0 = Debug|Any CPU
		{06FBE96D-22D0-47D1-85E6-E3C4A65C8ACF}.Debug|x64.Deploy.0 = Debug|Any CPU
		{06FBE96D-22D0-47D1-85E6-E3C4A65C8ACF}.Debug|x86.ActiveCfg = Debug|Any CPU
		{06FBE96D-22D0-47D1-85E6-E3C4A65C8ACF}.Debug|x86.Build.0 = Debug|Any CPU
		{06FBE96D-22D0-47D1-85E6-E3C4A65C8ACF}.Debug|x86.Deploy.0 = Debug|Any CPU
		{06FBE96D-22D0-47D1-85E6-E3C4A65C8ACF}.Release|Any CPU.ActiveCfg = Release|Any CPU
		{06FBE96D-22D0-47D1-85E6-E3C4A65C8ACF}.Release|Any CPU.Build.0 = Release|Any CPU
		{06FBE96D-22D0-47D1-85E6-E3C4A65C8ACF}.Release|Any CPU.Deploy.0 = Release|Any CPU
		{06FBE96D-22D0-47D1-85E6-E3C4A65C8ACF}.Release|ARM.ActiveCfg = Release|Any CPU
		{06FBE96D-22D0-47D1-85E6-E3C4A65C8ACF}.Release|ARM.Build.0 = Release|Any CPU
		{06FBE96D-22D0-47D1-85E6-E3C4A65C8ACF}.Release|ARM.Deploy.0 = Release|Any CPU
		{06FBE96D-22D0-47D1-85E6-E3C4A65C8ACF}.Release|iPhone.ActiveCfg = Release|Any CPU
		{06FBE96D-22D0-47D1-85E6-E3C4A65C8ACF}.Release|iPhone.Build.0 = Release|Any CPU
		{06FBE96D-22D0-47D1-85E6-E3C4A65C8ACF}.Release|iPhone.Deploy.0 = Release|Any CPU
		{06FBE96D-22D0-47D1-85E6-E3C4A65C8ACF}.Release|iPhoneSimulator.ActiveCfg = Release|Any CPU
		{06FBE96D-22D0-47D1-85E6-E3C4A65C8ACF}.Release|iPhoneSimulator.Build.0 = Release|Any CPU
		{06FBE96D-22D0-47D1-85E6-E3C4A65C8ACF}.Release|iPhoneSimulator.Deploy.0 = Release|Any CPU
		{06FBE96D-22D0-47D1-85E6-E3C4A65C8ACF}.Release|x64.ActiveCfg = Release|Any CPU
		{06FBE96D-22D0-47D1-85E6-E3C4A65C8ACF}.Release|x64.Build.0 = Release|Any CPU
		{06FBE96D-22D0-47D1-85E6-E3C4A65C8ACF}.Release|x64.Deploy.0 = Release|Any CPU
		{06FBE96D-22D0-47D1-85E6-E3C4A65C8ACF}.Release|x86.ActiveCfg = Release|Any CPU
		{06FBE96D-22D0-47D1-85E6-E3C4A65C8ACF}.Release|x86.Build.0 = Release|Any CPU
		{06FBE96D-22D0-47D1-85E6-E3C4A65C8ACF}.Release|x86.Deploy.0 = Release|Any CPU
		{82469009-9F12-4F09-817B-1B0F77842088}.Ad-Hoc|Any CPU.ActiveCfg = Ad-Hoc|iPhoneSimulator
		{82469009-9F12-4F09-817B-1B0F77842088}.Ad-Hoc|ARM.ActiveCfg = Ad-Hoc|iPhoneSimulator
		{82469009-9F12-4F09-817B-1B0F77842088}.Ad-Hoc|iPhone.ActiveCfg = Ad-Hoc|iPhone
		{82469009-9F12-4F09-817B-1B0F77842088}.Ad-Hoc|iPhone.Build.0 = Ad-Hoc|iPhone
		{82469009-9F12-4F09-817B-1B0F77842088}.Ad-Hoc|iPhoneSimulator.ActiveCfg = Ad-Hoc|iPhoneSimulator
		{82469009-9F12-4F09-817B-1B0F77842088}.Ad-Hoc|iPhoneSimulator.Build.0 = Ad-Hoc|iPhoneSimulator
		{82469009-9F12-4F09-817B-1B0F77842088}.Ad-Hoc|x64.ActiveCfg = Ad-Hoc|iPhoneSimulator
		{82469009-9F12-4F09-817B-1B0F77842088}.Ad-Hoc|x86.ActiveCfg = Ad-Hoc|iPhoneSimulator
		{82469009-9F12-4F09-817B-1B0F77842088}.AppStore|Any CPU.ActiveCfg = AppStore|iPhoneSimulator
		{82469009-9F12-4F09-817B-1B0F77842088}.AppStore|ARM.ActiveCfg = AppStore|iPhoneSimulator
		{82469009-9F12-4F09-817B-1B0F77842088}.AppStore|iPhone.ActiveCfg = AppStore|iPhone
		{82469009-9F12-4F09-817B-1B0F77842088}.AppStore|iPhone.Build.0 = AppStore|iPhone
		{82469009-9F12-4F09-817B-1B0F77842088}.AppStore|iPhoneSimulator.ActiveCfg = AppStore|iPhoneSimulator
		{82469009-9F12-4F09-817B-1B0F77842088}.AppStore|iPhoneSimulator.Build.0 = AppStore|iPhoneSimulator
		{82469009-9F12-4F09-817B-1B0F77842088}.AppStore|x64.ActiveCfg = AppStore|iPhoneSimulator
		{82469009-9F12-4F09-817B-1B0F77842088}.AppStore|x86.ActiveCfg = AppStore|iPhoneSimulator
		{82469009-9F12-4F09-817B-1B0F77842088}.Debug|Any CPU.ActiveCfg = Debug|iPhoneSimulator
		{82469009-9F12-4F09-817B-1B0F77842088}.Debug|ARM.ActiveCfg = Debug|iPhoneSimulator
		{82469009-9F12-4F09-817B-1B0F77842088}.Debug|iPhone.ActiveCfg = Debug|iPhone
		{82469009-9F12-4F09-817B-1B0F77842088}.Debug|iPhone.Build.0 = Debug|iPhone
		{82469009-9F12-4F09-817B-1B0F77842088}.Debug|iPhoneSimulator.ActiveCfg = Debug|iPhoneSimulator
		{82469009-9F12-4F09-817B-1B0F77842088}.Debug|iPhoneSimulator.Build.0 = Debug|iPhoneSimulator
		{82469009-9F12-4F09-817B-1B0F77842088}.Debug|x64.ActiveCfg = Debug|iPhoneSimulator
		{82469009-9F12-4F09-817B-1B0F77842088}.Debug|x86.ActiveCfg = Debug|iPhoneSimulator
		{82469009-9F12-4F09-817B-1B0F77842088}.Release|Any CPU.ActiveCfg = Release|iPhoneSimulator
		{82469009-9F12-4F09-817B-1B0F77842088}.Release|ARM.ActiveCfg = Release|iPhoneSimulator
		{82469009-9F12-4F09-817B-1B0F77842088}.Release|iPhone.ActiveCfg = Release|iPhone
		{82469009-9F12-4F09-817B-1B0F77842088}.Release|iPhone.Build.0 = Release|iPhone
		{82469009-9F12-4F09-817B-1B0F77842088}.Release|iPhoneSimulator.ActiveCfg = Release|iPhoneSimulator
		{82469009-9F12-4F09-817B-1B0F77842088}.Release|iPhoneSimulator.Build.0 = Release|iPhoneSimulator
		{82469009-9F12-4F09-817B-1B0F77842088}.Release|x64.ActiveCfg = Release|iPhoneSimulator
		{82469009-9F12-4F09-817B-1B0F77842088}.Release|x86.ActiveCfg = Release|iPhoneSimulator
		{CE86F8D5-C110-458A-858D-B506F8D95025}.Ad-Hoc|Any CPU.ActiveCfg = Debug|ARM
		{CE86F8D5-C110-458A-858D-B506F8D95025}.Ad-Hoc|Any CPU.Build.0 = Debug|ARM
		{CE86F8D5-C110-458A-858D-B506F8D95025}.Ad-Hoc|Any CPU.Deploy.0 = Debug|ARM
		{CE86F8D5-C110-458A-858D-B506F8D95025}.Ad-Hoc|ARM.ActiveCfg = Debug|ARM
		{CE86F8D5-C110-458A-858D-B506F8D95025}.Ad-Hoc|ARM.Build.0 = Debug|ARM
		{CE86F8D5-C110-458A-858D-B506F8D95025}.Ad-Hoc|ARM.Deploy.0 = Debug|ARM
		{CE86F8D5-C110-458A-858D-B506F8D95025}.Ad-Hoc|iPhone.ActiveCfg = Debug|ARM
		{CE86F8D5-C110-458A-858D-B506F8D95025}.Ad-Hoc|iPhone.Build.0 = Debug|ARM
		{CE86F8D5-C110-458A-858D-B506F8D95025}.Ad-Hoc|iPhone.Deploy.0 = Debug|ARM
		{CE86F8D5-C110-458A-858D-B506F8D95025}.Ad-Hoc|iPhoneSimulator.ActiveCfg = Debug|ARM
		{CE86F8D5-C110-458A-858D-B506F8D95025}.Ad-Hoc|iPhoneSimulator.Build.0 = Debug|ARM
		{CE86F8D5-C110-458A-858D-B506F8D95025}.Ad-Hoc|iPhoneSimulator.Deploy.0 = Debug|ARM
		{CE86F8D5-C110-458A-858D-B506F8D95025}.Ad-Hoc|x64.ActiveCfg = Debug|x64
		{CE86F8D5-C110-458A-858D-B506F8D95025}.Ad-Hoc|x64.Build.0 = Debug|x64
		{CE86F8D5-C110-458A-858D-B506F8D95025}.Ad-Hoc|x64.Deploy.0 = Debug|x64
		{CE86F8D5-C110-458A-858D-B506F8D95025}.Ad-Hoc|x86.ActiveCfg = Debug|x86
		{CE86F8D5-C110-458A-858D-B506F8D95025}.Ad-Hoc|x86.Build.0 = Debug|x86
		{CE86F8D5-C110-458A-858D-B506F8D95025}.Ad-Hoc|x86.Deploy.0 = Debug|x86
		{CE86F8D5-C110-458A-858D-B506F8D95025}.AppStore|Any CPU.ActiveCfg = Debug|ARM
		{CE86F8D5-C110-458A-858D-B506F8D95025}.AppStore|Any CPU.Build.0 = Debug|ARM
		{CE86F8D5-C110-458A-858D-B506F8D95025}.AppStore|Any CPU.Deploy.0 = Debug|ARM
		{CE86F8D5-C110-458A-858D-B506F8D95025}.AppStore|ARM.ActiveCfg = Debug|ARM
		{CE86F8D5-C110-458A-858D-B506F8D95025}.AppStore|ARM.Build.0 = Debug|ARM
		{CE86F8D5-C110-458A-858D-B506F8D95025}.AppStore|ARM.Deploy.0 = Debug|ARM
		{CE86F8D5-C110-458A-858D-B506F8D95025}.AppStore|iPhone.ActiveCfg = Debug|ARM
		{CE86F8D5-C110-458A-858D-B506F8D95025}.AppStore|iPhone.Build.0 = Debug|ARM
		{CE86F8D5-C110-458A-858D-B506F8D95025}.AppStore|iPhone.Deploy.0 = Debug|ARM
		{CE86F8D5-C110-458A-858D-B506F8D95025}.AppStore|iPhoneSimulator.ActiveCfg = Debug|ARM
		{CE86F8D5-C110-458A-858D-B506F8D95025}.AppStore|iPhoneSimulator.Build.0 = Debug|ARM
		{CE86F8D5-C110-458A-858D-B506F8D95025}.AppStore|iPhoneSimulator.Deploy.0 = Debug|ARM
		{CE86F8D5-C110-458A-858D-B506F8D95025}.AppStore|x64.ActiveCfg = Debug|x64
		{CE86F8D5-C110-458A-858D-B506F8D95025}.AppStore|x64.Build.0 = Debug|x64
		{CE86F8D5-C110-458A-858D-B506F8D95025}.AppStore|x64.Deploy.0 = Debug|x64
		{CE86F8D5-C110-458A-858D-B506F8D95025}.AppStore|x86.ActiveCfg = Debug|x86
		{CE86F8D5-C110-458A-858D-B506F8D95025}.AppStore|x86.Build.0 = Debug|x86
		{CE86F8D5-C110-458A-858D-B506F8D95025}.AppStore|x86.Deploy.0 = Debug|x86
		{CE86F8D5-C110-458A-858D-B506F8D95025}.Debug|Any CPU.ActiveCfg = Debug|x86
		{CE86F8D5-C110-458A-858D-B506F8D95025}.Debug|ARM.ActiveCfg = Debug|ARM
		{CE86F8D5-C110-458A-858D-B506F8D95025}.Debug|ARM.Build.0 = Debug|ARM
		{CE86F8D5-C110-458A-858D-B506F8D95025}.Debug|ARM.Deploy.0 = Debug|ARM
		{CE86F8D5-C110-458A-858D-B506F8D95025}.Debug|iPhone.ActiveCfg = Debug|x86
		{CE86F8D5-C110-458A-858D-B506F8D95025}.Debug|iPhoneSimulator.ActiveCfg = Debug|x86
		{CE86F8D5-C110-458A-858D-B506F8D95025}.Debug|x64.ActiveCfg = Debug|x64
		{CE86F8D5-C110-458A-858D-B506F8D95025}.Debug|x64.Build.0 = Debug|x64
		{CE86F8D5-C110-458A-858D-B506F8D95025}.Debug|x64.Deploy.0 = Debug|x64
		{CE86F8D5-C110-458A-858D-B506F8D95025}.Debug|x86.ActiveCfg = Debug|x86
		{CE86F8D5-C110-458A-858D-B506F8D95025}.Debug|x86.Build.0 = Debug|x86
		{CE86F8D5-C110-458A-858D-B506F8D95025}.Debug|x86.Deploy.0 = Debug|x86
		{CE86F8D5-C110-458A-858D-B506F8D95025}.Release|Any CPU.ActiveCfg = Release|x86
		{CE86F8D5-C110-458A-858D-B506F8D95025}.Release|ARM.ActiveCfg = Release|ARM
		{CE86F8D5-C110-458A-858D-B506F8D95025}.Release|ARM.Build.0 = Release|ARM
		{CE86F8D5-C110-458A-858D-B506F8D95025}.Release|ARM.Deploy.0 = Release|ARM
		{CE86F8D5-C110-458A-858D-B506F8D95025}.Release|iPhone.ActiveCfg = Release|x86
		{CE86F8D5-C110-458A-858D-B506F8D95025}.Release|iPhoneSimulator.ActiveCfg = Release|x86
		{CE86F8D5-C110-458A-858D-B506F8D95025}.Release|x64.ActiveCfg = Release|x64
		{CE86F8D5-C110-458A-858D-B506F8D95025}.Release|x64.Build.0 = Release|x64
		{CE86F8D5-C110-458A-858D-B506F8D95025}.Release|x64.Deploy.0 = Release|x64
		{CE86F8D5-C110-458A-858D-B506F8D95025}.Release|x86.ActiveCfg = Release|x86
		{CE86F8D5-C110-458A-858D-B506F8D95025}.Release|x86.Build.0 = Release|x86
		{CE86F8D5-C110-458A-858D-B506F8D95025}.Release|x86.Deploy.0 = Release|x86
		{38DFDC7E-80AB-49FE-A4DA-120E9E820A30}.Ad-Hoc|Any CPU.ActiveCfg = Release|Any CPU
		{38DFDC7E-80AB-49FE-A4DA-120E9E820A30}.Ad-Hoc|Any CPU.Build.0 = Release|Any CPU
		{38DFDC7E-80AB-49FE-A4DA-120E9E820A30}.Ad-Hoc|ARM.ActiveCfg = Release|Any CPU
		{38DFDC7E-80AB-49FE-A4DA-120E9E820A30}.Ad-Hoc|ARM.Build.0 = Release|Any CPU
		{38DFDC7E-80AB-49FE-A4DA-120E9E820A30}.Ad-Hoc|iPhone.ActiveCfg = Release|Any CPU
		{38DFDC7E-80AB-49FE-A4DA-120E9E820A30}.Ad-Hoc|iPhone.Build.0 = Release|Any CPU
		{38DFDC7E-80AB-49FE-A4DA-120E9E820A30}.Ad-Hoc|iPhoneSimulator.ActiveCfg = Release|Any CPU
		{38DFDC7E-80AB-49FE-A4DA-120E9E820A30}.Ad-Hoc|iPhoneSimulator.Build.0 = Release|Any CPU
		{38DFDC7E-80AB-49FE-A4DA-120E9E820A30}.Ad-Hoc|x64.ActiveCfg = Release|Any CPU
		{38DFDC7E-80AB-49FE-A4DA-120E9E820A30}.Ad-Hoc|x64.Build.0 = Release|Any CPU
		{38DFDC7E-80AB-49FE-A4DA-120E9E820A30}.Ad-Hoc|x86.ActiveCfg = Release|Any CPU
		{38DFDC7E-80AB-49FE-A4DA-120E9E820A30}.Ad-Hoc|x86.Build.0 = Release|Any CPU
		{38DFDC7E-80AB-49FE-A4DA-120E9E820A30}.AppStore|Any CPU.ActiveCfg = Release|Any CPU
		{38DFDC7E-80AB-49FE-A4DA-120E9E820A30}.AppStore|Any CPU.Build.0 = Release|Any CPU
		{38DFDC7E-80AB-49FE-A4DA-120E9E820A30}.AppStore|ARM.ActiveCfg = Release|Any CPU
		{38DFDC7E-80AB-49FE-A4DA-120E9E820A30}.AppStore|ARM.Build.0 = Release|Any CPU
		{38DFDC7E-80AB-49FE-A4DA-120E9E820A30}.AppStore|iPhone.ActiveCfg = Release|Any CPU
		{38DFDC7E-80AB-49FE-A4DA-120E9E820A30}.AppStore|iPhone.Build.0 = Release|Any CPU
		{38DFDC7E-80AB-49FE-A4DA-120E9E820A30}.AppStore|iPhoneSimulator.ActiveCfg = Release|Any CPU
		{38DFDC7E-80AB-49FE-A4DA-120E9E820A30}.AppStore|iPhoneSimulator.Build.0 = Release|Any CPU
		{38DFDC7E-80AB-49FE-A4DA-120E9E820A30}.AppStore|x64.ActiveCfg = Release|Any CPU
		{38DFDC7E-80AB-49FE-A4DA-120E9E820A30}.AppStore|x64.Build.0 = Release|Any CPU
		{38DFDC7E-80AB-49FE-A4DA-120E9E820A30}.AppStore|x86.ActiveCfg = Release|Any CPU
		{38DFDC7E-80AB-49FE-A4DA-120E9E820A30}.AppStore|x86.Build.0 = Release|Any CPU
		{38DFDC7E-80AB-49FE-A4DA-120E9E820A30}.Debug|Any CPU.ActiveCfg = Debug|Any CPU
		{38DFDC7E-80AB-49FE-A4DA-120E9E820A30}.Debug|Any CPU.Build.0 = Debug|Any CPU
		{38DFDC7E-80AB-49FE-A4DA-120E9E820A30}.Debug|ARM.ActiveCfg = Debug|Any CPU
		{38DFDC7E-80AB-49FE-A4DA-120E9E820A30}.Debug|ARM.Build.0 = Debug|Any CPU
		{38DFDC7E-80AB-49FE-A4DA-120E9E820A30}.Debug|iPhone.ActiveCfg = Debug|Any CPU
		{38DFDC7E-80AB-49FE-A4DA-120E9E820A30}.Debug|iPhone.Build.0 = Debug|Any CPU
		{38DFDC7E-80AB-49FE-A4DA-120E9E820A30}.Debug|iPhoneSimulator.ActiveCfg = Debug|Any CPU
		{38DFDC7E-80AB-49FE-A4DA-120E9E820A30}.Debug|iPhoneSimulator.Build.0 = Debug|Any CPU
		{38DFDC7E-80AB-49FE-A4DA-120E9E820A30}.Debug|x64.ActiveCfg = Debug|Any CPU
		{38DFDC7E-80AB-49FE-A4DA-120E9E820A30}.Debug|x64.Build.0 = Debug|Any CPU
		{38DFDC7E-80AB-49FE-A4DA-120E9E820A30}.Debug|x86.ActiveCfg = Debug|Any CPU
		{38DFDC7E-80AB-49FE-A4DA-120E9E820A30}.Debug|x86.Build.0 = Debug|Any CPU
		{38DFDC7E-80AB-49FE-A4DA-120E9E820A30}.Release|Any CPU.ActiveCfg = Release|Any CPU
		{38DFDC7E-80AB-49FE-A4DA-120E9E820A30}.Release|Any CPU.Build.0 = Release|Any CPU
		{38DFDC7E-80AB-49FE-A4DA-120E9E820A30}.Release|ARM.ActiveCfg = Release|Any CPU
		{38DFDC7E-80AB-49FE-A4DA-120E9E820A30}.Release|ARM.Build.0 = Release|Any CPU
		{38DFDC7E-80AB-49FE-A4DA-120E9E820A30}.Release|iPhone.ActiveCfg = Release|Any CPU
		{38DFDC7E-80AB-49FE-A4DA-120E9E820A30}.Release|iPhone.Build.0 = Release|Any CPU
		{38DFDC7E-80AB-49FE-A4DA-120E9E820A30}.Release|iPhoneSimulator.ActiveCfg = Release|Any CPU
		{38DFDC7E-80AB-49FE-A4DA-120E9E820A30}.Release|iPhoneSimulator.Build.0 = Release|Any CPU
		{38DFDC7E-80AB-49FE-A4DA-120E9E820A30}.Release|x64.ActiveCfg = Release|Any CPU
		{38DFDC7E-80AB-49FE-A4DA-120E9E820A30}.Release|x64.Build.0 = Release|Any CPU
		{38DFDC7E-80AB-49FE-A4DA-120E9E820A30}.Release|x86.ActiveCfg = Release|Any CPU
		{38DFDC7E-80AB-49FE-A4DA-120E9E820A30}.Release|x86.Build.0 = Release|Any CPU
	EndGlobalSection
	GlobalSection(SolutionProperties) = preSolution
		HideSolutionNode = FALSE
	EndGlobalSection
	GlobalSection(ExtensibilityGlobals) = postSolution
		SolutionGuid = {2947ACA7-5C3A-4F7A-B002-06AD10FDAA4D}
	EndGlobalSection
EndGlobal
